
Microsoft Visual Studio Solution File, Format Version 12.00
# Visual Studio Version 17
VisualStudioVersion = 17.0.31903.59
MinimumVisualStudioVersion = 10.0.40219.1
Project("{FAE04EC0-301F-11D3-BF4B-00C04F79EFBC}") = "ArtService.API", "ArtService.API\ArtService.API.csproj", "{30C6C3B2-07A3-4F4B-94B8-5C404CE6B62D}"
EndProject
Project("{FAE04EC0-301F-11D3-BF4B-00C04F79EFBC}") = "ArtService.Core", "ArtService.Core\ArtService.Core.csproj", "{0D5D7488-A63E-409A-981F-4310471C4F17}"
EndProject
Project("{FAE04EC0-301F-11D3-BF4B-00C04F79EFBC}") = "ArtService.Infrastructure", "ArtService.Infrastructure\ArtService.Infrastructure.csproj", "{18B3A04C-2C90-49D1-B7B4-3DC3A505370B}"
EndProject
Project("{FAE04EC0-301F-11D3-BF4B-00C04F79EFBC}") = "ArtService.Tests", "ArtService.Tests\ArtService.Tests.csproj", "{052BC44D-95E4-420E-98FC-D9878F63B191}"
EndProject
Global
	GlobalSection(SolutionConfigurationPlatforms) = preSolution
		Debug|Any CPU = Debug|Any CPU
		Release|Any CPU = Release|Any CPU
	EndGlobalSection
	GlobalSection(SolutionProperties) = preSolution
		HideSolutionNode = FALSE
	EndGlobalSection
	GlobalSection(ProjectConfigurationPlatforms) = postSolution
		{30C6C3B2-07A3-4F4B-94B8-5C404CE6B62D}.Debug|Any CPU.ActiveCfg = Debug|Any CPU
		{30C6C3B2-07A3-4F4B-94B8-5C404CE6B62D}.Debug|Any CPU.Build.0 = Debug|Any CPU
		{30C6C3B2-07A3-4F4B-94B8-5C404CE6B62D}.Release|Any CPU.ActiveCfg = Release|Any CPU
		{30C6C3B2-07A3-4F4B-94B8-5C404CE6B62D}.Release|Any CPU.Build.0 = Release|Any CPU
		{0D5D7488-A63E-409A-981F-4310471C4F17}.Debug|Any CPU.ActiveCfg = Debug|Any CPU
		{0D5D7488-A63E-409A-981F-4310471C4F17}.Debug|Any CPU.Build.0 = Debug|Any CPU
		{0D5D7488-A63E-409A-981F-4310471C4F17}.Release|Any CPU.ActiveCfg = Release|Any CPU
		{0D5D7488-A63E-409A-981F-4310471C4F17}.Release|Any CPU.Build.0 = Release|Any CPU
		{18B3A04C-2C90-49D1-B7B4-3DC3A505370B}.Debug|Any CPU.ActiveCfg = Debug|Any CPU
		{18B3A04C-2C90-49D1-B7B4-3DC3A505370B}.Debug|Any CPU.Build.0 = Debug|Any CPU
		{18B3A04C-2C90-49D1-B7B4-3DC3A505370B}.Release|Any CPU.ActiveCfg = Release|Any CPU
		{18B3A04C-2C90-49D1-B7B4-3DC3A505370B}.Release|Any CPU.Build.0 = Release|Any CPU
		{052BC44D-95E4-420E-98FC-D9878F63B191}.Debug|Any CPU.ActiveCfg = Debug|Any CPU
		{052BC44D-95E4-420E-98FC-D9878F63B191}.Debug|Any CPU.Build.0 = Debug|Any CPU
		{052BC44D-95E4-420E-98FC-D9878F63B191}.Release|Any CPU.ActiveCfg = Release|Any CPU
		{052BC44D-95E4-420E-98FC-D9878F63B191}.Release|Any CPU.Build.0 = Release|Any CPU
	EndGlobalSection
EndGlobal
