
Microsoft Visual Studio Solution File, Format Version 12.00
# Visual Studio Version 17
VisualStudioVersion = 17.0.31903.59
MinimumVisualStudioVersion = 10.0.40219.1
Project("{FAE04EC0-301F-11D3-BF4B-00C04F79EFBC}") = "NotificationService.API", "NotificationService.API\NotificationService.API.csproj", "{92503F77-CA08-49BC-8E1A-36B151FD8D8F}"
EndProject
Project("{FAE04EC0-301F-11D3-BF4B-00C04F79EFBC}") = "NotificationService.Core", "NotificationService.Core\NotificationService.Core.csproj", "{2F3F26B2-2378-4EB4-8AC2-EF924E108C22}"
EndProject
Project("{FAE04EC0-301F-11D3-BF4B-00C04F79EFBC}") = "NotificationService.Infrastructure", "NotificationService.Infrastructure\NotificationService.Infrastructure.csproj", "{707BE442-B1BA-4033-93D2-0568B70BB494}"
EndProject
Project("{FAE04EC0-301F-11D3-BF4B-00C04F79EFBC}") = "NotificationService.Tests", "NotificationService.Tests\NotificationService.Tests.csproj", "{FFA56D45-C692-44CA-98D7-35E2F574ED1E}"
EndProject
Global
	GlobalSection(SolutionConfigurationPlatforms) = preSolution
		Debug|Any CPU = Debug|Any CPU
		Release|Any CPU = Release|Any CPU
	EndGlobalSection
	GlobalSection(SolutionProperties) = preSolution
		HideSolutionNode = FALSE
	EndGlobalSection
	GlobalSection(ProjectConfigurationPlatforms) = postSolution
		{92503F77-CA08-49BC-8E1A-36B151FD8D8F}.Debug|Any CPU.ActiveCfg = Debug|Any CPU
		{92503F77-CA08-49BC-8E1A-36B151FD8D8F}.Debug|Any CPU.Build.0 = Debug|Any CPU
		{92503F77-CA08-49BC-8E1A-36B151FD8D8F}.Release|Any CPU.ActiveCfg = Release|Any CPU
		{92503F77-CA08-49BC-8E1A-36B151FD8D8F}.Release|Any CPU.Build.0 = Release|Any CPU
		{2F3F26B2-2378-4EB4-8AC2-EF924E108C22}.Debug|Any CPU.ActiveCfg = Debug|Any CPU
		{2F3F26B2-2378-4EB4-8AC2-EF924E108C22}.Debug|Any CPU.Build.0 = Debug|Any CPU
		{2F3F26B2-2378-4EB4-8AC2-EF924E108C22}.Release|Any CPU.ActiveCfg = Release|Any CPU
		{2F3F26B2-2378-4EB4-8AC2-EF924E108C22}.Release|Any CPU.Build.0 = Release|Any CPU
		{707BE442-B1BA-4033-93D2-0568B70BB494}.Debug|Any CPU.ActiveCfg = Debug|Any CPU
		{707BE442-B1BA-4033-93D2-0568B70BB494}.Debug|Any CPU.Build.0 = Debug|Any CPU
		{707BE442-B1BA-4033-93D2-0568B70BB494}.Release|Any CPU.ActiveCfg = Release|Any CPU
		{707BE442-B1BA-4033-93D2-0568B70BB494}.Release|Any CPU.Build.0 = Release|Any CPU
		{FFA56D45-C692-44CA-98D7-35E2F574ED1E}.Debug|Any CPU.ActiveCfg = Debug|Any CPU
		{FFA56D45-C692-44CA-98D7-35E2F574ED1E}.Debug|Any CPU.Build.0 = Debug|Any CPU
		{FFA56D45-C692-44CA-98D7-35E2F574ED1E}.Release|Any CPU.ActiveCfg = Release|Any CPU
		{FFA56D45-C692-44CA-98D7-35E2F574ED1E}.Release|Any CPU.Build.0 = Release|Any CPU
	EndGlobalSection
EndGlobal
