
Microsoft Visual Studio Solution File, Format Version 12.00
# Visual Studio Version 17
VisualStudioVersion = 17.0.31903.59
MinimumVisualStudioVersion = 10.0.40219.1
Project("{FAE04EC0-301F-11D3-BF4B-00C04F79EFBC}") = "artspace.API", "artspace.API\artspace.API.csproj", "{87D60F9C-B5ED-4E43-B3C0-204CD7E30D1B}"
EndProject
Project("{FAE04EC0-301F-11D3-BF4B-00C04F79EFBC}") = "artspace.Core", "artspace.Core\artspace.Core.csproj", "{848CAB45-4E5C-47AA-BA0B-25BF017CC958}"
EndProject
Project("{FAE04EC0-301F-11D3-BF4B-00C04F79EFBC}") = "artspace.Infrastructure", "artspace.Infrastructure\artspace.Infrastructure.csproj", "{09E54E8A-A05C-44D4-A7F8-C8D6DB3645C1}"
EndProject
Global
	GlobalSection(SolutionConfigurationPlatforms) = preSolution
		Debug|Any CPU = Debug|Any CPU
		Release|Any CPU = Release|Any CPU
	EndGlobalSection
	GlobalSection(SolutionProperties) = preSolution
		HideSolutionNode = FALSE
	EndGlobalSection
	GlobalSection(ProjectConfigurationPlatforms) = postSolution
		{87D60F9C-B5ED-4E43-B3C0-204CD7E30D1B}.Debug|Any CPU.ActiveCfg = Debug|Any CPU
		{87D60F9C-B5ED-4E43-B3C0-204CD7E30D1B}.Debug|Any CPU.Build.0 = Debug|Any CPU
		{87D60F9C-B5ED-4E43-B3C0-204CD7E30D1B}.Release|Any CPU.ActiveCfg = Release|Any CPU
		{87D60F9C-B5ED-4E43-B3C0-204CD7E30D1B}.Release|Any CPU.Build.0 = Release|Any CPU
		{848CAB45-4E5C-47AA-BA0B-25BF017CC958}.Debug|Any CPU.ActiveCfg = Debug|Any CPU
		{848CAB45-4E5C-47AA-BA0B-25BF017CC958}.Debug|Any CPU.Build.0 = Debug|Any CPU
		{848CAB45-4E5C-47AA-BA0B-25BF017CC958}.Release|Any CPU.ActiveCfg = Release|Any CPU
		{848CAB45-4E5C-47AA-BA0B-25BF017CC958}.Release|Any CPU.Build.0 = Release|Any CPU
		{09E54E8A-A05C-44D4-A7F8-C8D6DB3645C1}.Debug|Any CPU.ActiveCfg = Debug|Any CPU
		{09E54E8A-A05C-44D4-A7F8-C8D6DB3645C1}.Debug|Any CPU.Build.0 = Debug|Any CPU
		{09E54E8A-A05C-44D4-A7F8-C8D6DB3645C1}.Release|Any CPU.ActiveCfg = Release|Any CPU
		{09E54E8A-A05C-44D4-A7F8-C8D6DB3645C1}.Release|Any CPU.Build.0 = Release|Any CPU
	EndGlobalSection
EndGlobal
